
Microsoft Visual Studio Solution File, Format Version 12.00
# Visual Studio 14
VisualStudioVersion = 14.0.25123.0
MinimumVisualStudioVersion = 10.0.40219.1
Project("{FAE04EC0-301F-11D3-BF4B-00C04F79EFBC}") = "MrmTechTest", "MrmTechTest\MrmTechTest.csproj", "{04898FD6-E15C-496B-9167-C953FAD7A5D1}"
EndProject
Project("{FAE04EC0-301F-11D3-BF4B-00C04F79EFBC}") = "MrmTechTest.Tests", "MrmTechTest.Tests\MrmTechTest.Tests.csproj", "{D32F38D0-7611-40CB-BF51-CB7976315A1A}"
EndProject
Global
	GlobalSection(SolutionConfigurationPlatforms) = preSolution
		Debug|Any CPU = Debug|Any CPU
		Release|Any CPU = Release|Any CPU
	EndGlobalSection
	GlobalSection(ProjectConfigurationPlatforms) = postSolution
		{04898FD6-E15C-496B-9167-C953FAD7A5D1}.Debug|Any CPU.ActiveCfg = Debug|Any CPU
		{04898FD6-E15C-496B-9167-C953FAD7A5D1}.Debug|Any CPU.Build.0 = Debug|Any CPU
		{04898FD6-E15C-496B-9167-C953FAD7A5D1}.Release|Any CPU.ActiveCfg = Release|Any CPU
		{04898FD6-E15C-496B-9167-C953FAD7A5D1}.Release|Any CPU.Build.0 = Release|Any CPU
		{D32F38D0-7611-40CB-BF51-CB7976315A1A}.Debug|Any CPU.ActiveCfg = Debug|Any CPU
		{D32F38D0-7611-40CB-BF51-CB7976315A1A}.Debug|Any CPU.Build.0 = Debug|Any CPU
		{D32F38D0-7611-40CB-BF51-CB7976315A1A}.Release|Any CPU.ActiveCfg = Release|Any CPU
		{D32F38D0-7611-40CB-BF51-CB7976315A1A}.Release|Any CPU.Build.0 = Release|Any CPU
	EndGlobalSection
	GlobalSection(SolutionProperties) = preSolution
		HideSolutionNode = FALSE
	EndGlobalSection
EndGlobal
